
Microsoft Visual Studio Solution File, Format Version 12.00
# Visual Studio 15
VisualStudioVersion = 15.0.27703.2035
MinimumVisualStudioVersion = 10.0.40219.1
Project("{FAE04EC0-301F-11D3-BF4B-00C04F79EFBC}") = "Calculator", "Calculator\Calculator.csproj", "{CA8803B8-4D39-4FFB-AB53-020427E50791}"
EndProject
Project("{FAE04EC0-301F-11D3-BF4B-00C04F79EFBC}") = "Pulic", "CalculatorTests\Pulic.csproj", "{BFA39C91-D278-4224-9F4C-92C6BCA1A5DE}"
EndProject
Project("{9A19103F-16F7-4668-BE54-9A1E7A4F7556}") = "Validation", "Validation\Validation.csproj", "{1C09C4AC-51CA-49B5-914D-DF2237E43698}"
EndProject
Project("{FAE04EC0-301F-11D3-BF4B-00C04F79EFBC}") = "StubAndMock", "StubAndMock\StubAndMock.csproj", "{C3ECCE51-C373-4B8B-8CE4-9C6CF4ABED20}"
EndProject
Project("{FAE04EC0-301F-11D3-BF4B-00C04F79EFBC}") = "StubAndMockTests", "StubAndMockTests\StubAndMockTests.csproj", "{CE4D89A9-410F-484B-A95C-D86C49563830}"
EndProject
Project("{FAE04EC0-301F-11D3-BF4B-00C04F79EFBC}") = "Katalon", "Katalon\Katalon.csproj", "{423912BB-6376-4C09-A595-87B475A50206}"
EndProject
Project("{FAE04EC0-301F-11D3-BF4B-00C04F79EFBC}") = "KatalonTests1", "KatalonTests1\KatalonTests1.csproj", "{90C66EC6-2787-47AE-8198-D74317D2EDF7}"
EndProject
Global
	GlobalSection(SolutionConfigurationPlatforms) = preSolution
		Debug|Any CPU = Debug|Any CPU
		Debug|ARM = Debug|ARM
		Debug|x64 = Debug|x64
		Debug|x86 = Debug|x86
		Release|Any CPU = Release|Any CPU
		Release|ARM = Release|ARM
		Release|x64 = Release|x64
		Release|x86 = Release|x86
	EndGlobalSection
	GlobalSection(ProjectConfigurationPlatforms) = postSolution
		{CA8803B8-4D39-4FFB-AB53-020427E50791}.Debug|Any CPU.ActiveCfg = Debug|Any CPU
		{CA8803B8-4D39-4FFB-AB53-020427E50791}.Debug|Any CPU.Build.0 = Debug|Any CPU
		{CA8803B8-4D39-4FFB-AB53-020427E50791}.Debug|ARM.ActiveCfg = Debug|Any CPU
		{CA8803B8-4D39-4FFB-AB53-020427E50791}.Debug|ARM.Build.0 = Debug|Any CPU
		{CA8803B8-4D39-4FFB-AB53-020427E50791}.Debug|x64.ActiveCfg = Debug|Any CPU
		{CA8803B8-4D39-4FFB-AB53-020427E50791}.Debug|x64.Build.0 = Debug|Any CPU
		{CA8803B8-4D39-4FFB-AB53-020427E50791}.Debug|x86.ActiveCfg = Debug|Any CPU
		{CA8803B8-4D39-4FFB-AB53-020427E50791}.Debug|x86.Build.0 = Debug|Any CPU
		{CA8803B8-4D39-4FFB-AB53-020427E50791}.Release|Any CPU.ActiveCfg = Release|Any CPU
		{CA8803B8-4D39-4FFB-AB53-020427E50791}.Release|Any CPU.Build.0 = Release|Any CPU
		{CA8803B8-4D39-4FFB-AB53-020427E50791}.Release|ARM.ActiveCfg = Release|Any CPU
		{CA8803B8-4D39-4FFB-AB53-020427E50791}.Release|ARM.Build.0 = Release|Any CPU
		{CA8803B8-4D39-4FFB-AB53-020427E50791}.Release|x64.ActiveCfg = Release|Any CPU
		{CA8803B8-4D39-4FFB-AB53-020427E50791}.Release|x64.Build.0 = Release|Any CPU
		{CA8803B8-4D39-4FFB-AB53-020427E50791}.Release|x86.ActiveCfg = Release|Any CPU
		{CA8803B8-4D39-4FFB-AB53-020427E50791}.Release|x86.Build.0 = Release|Any CPU
		{BFA39C91-D278-4224-9F4C-92C6BCA1A5DE}.Debug|Any CPU.ActiveCfg = Debug|Any CPU
		{BFA39C91-D278-4224-9F4C-92C6BCA1A5DE}.Debug|Any CPU.Build.0 = Debug|Any CPU
		{BFA39C91-D278-4224-9F4C-92C6BCA1A5DE}.Debug|ARM.ActiveCfg = Debug|Any CPU
		{BFA39C91-D278-4224-9F4C-92C6BCA1A5DE}.Debug|ARM.Build.0 = Debug|Any CPU
		{BFA39C91-D278-4224-9F4C-92C6BCA1A5DE}.Debug|x64.ActiveCfg = Debug|Any CPU
		{BFA39C91-D278-4224-9F4C-92C6BCA1A5DE}.Debug|x64.Build.0 = Debug|Any CPU
		{BFA39C91-D278-4224-9F4C-92C6BCA1A5DE}.Debug|x86.ActiveCfg = Debug|Any CPU
		{BFA39C91-D278-4224-9F4C-92C6BCA1A5DE}.Debug|x86.Build.0 = Debug|Any CPU
		{BFA39C91-D278-4224-9F4C-92C6BCA1A5DE}.Release|Any CPU.ActiveCfg = Release|Any CPU
		{BFA39C91-D278-4224-9F4C-92C6BCA1A5DE}.Release|Any CPU.Build.0 = Release|Any CPU
		{BFA39C91-D278-4224-9F4C-92C6BCA1A5DE}.Release|ARM.ActiveCfg = Release|Any CPU
		{BFA39C91-D278-4224-9F4C-92C6BCA1A5DE}.Release|ARM.Build.0 = Release|Any CPU
		{BFA39C91-D278-4224-9F4C-92C6BCA1A5DE}.Release|x64.ActiveCfg = Release|Any CPU
		{BFA39C91-D278-4224-9F4C-92C6BCA1A5DE}.Release|x64.Build.0 = Release|Any CPU
		{BFA39C91-D278-4224-9F4C-92C6BCA1A5DE}.Release|x86.ActiveCfg = Release|Any CPU
		{BFA39C91-D278-4224-9F4C-92C6BCA1A5DE}.Release|x86.Build.0 = Release|Any CPU
		{1C09C4AC-51CA-49B5-914D-DF2237E43698}.Debug|Any CPU.ActiveCfg = Debug|Any CPU
		{1C09C4AC-51CA-49B5-914D-DF2237E43698}.Debug|Any CPU.Build.0 = Debug|Any CPU
		{1C09C4AC-51CA-49B5-914D-DF2237E43698}.Debug|ARM.ActiveCfg = Debug|Any CPU
		{1C09C4AC-51CA-49B5-914D-DF2237E43698}.Debug|ARM.Build.0 = Debug|Any CPU
		{1C09C4AC-51CA-49B5-914D-DF2237E43698}.Debug|x64.ActiveCfg = Debug|Any CPU
		{1C09C4AC-51CA-49B5-914D-DF2237E43698}.Debug|x64.Build.0 = Debug|Any CPU
		{1C09C4AC-51CA-49B5-914D-DF2237E43698}.Debug|x86.ActiveCfg = Debug|Any CPU
		{1C09C4AC-51CA-49B5-914D-DF2237E43698}.Debug|x86.Build.0 = Debug|Any CPU
		{1C09C4AC-51CA-49B5-914D-DF2237E43698}.Release|Any CPU.ActiveCfg = Release|Any CPU
		{1C09C4AC-51CA-49B5-914D-DF2237E43698}.Release|Any CPU.Build.0 = Release|Any CPU
		{1C09C4AC-51CA-49B5-914D-DF2237E43698}.Release|ARM.ActiveCfg = Release|Any CPU
		{1C09C4AC-51CA-49B5-914D-DF2237E43698}.Release|ARM.Build.0 = Release|Any CPU
		{1C09C4AC-51CA-49B5-914D-DF2237E43698}.Release|x64.ActiveCfg = Release|Any CPU
		{1C09C4AC-51CA-49B5-914D-DF2237E43698}.Release|x64.Build.0 = Release|Any CPU
		{1C09C4AC-51CA-49B5-914D-DF2237E43698}.Release|x86.ActiveCfg = Release|Any CPU
		{1C09C4AC-51CA-49B5-914D-DF2237E43698}.Release|x86.Build.0 = Release|Any CPU
		{C3ECCE51-C373-4B8B-8CE4-9C6CF4ABED20}.Debug|Any CPU.ActiveCfg = Debug|Any CPU
		{C3ECCE51-C373-4B8B-8CE4-9C6CF4ABED20}.Debug|Any CPU.Build.0 = Debug|Any CPU
		{C3ECCE51-C373-4B8B-8CE4-9C6CF4ABED20}.Debug|ARM.ActiveCfg = Debug|Any CPU
		{C3ECCE51-C373-4B8B-8CE4-9C6CF4ABED20}.Debug|ARM.Build.0 = Debug|Any CPU
		{C3ECCE51-C373-4B8B-8CE4-9C6CF4ABED20}.Debug|x64.ActiveCfg = Debug|Any CPU
		{C3ECCE51-C373-4B8B-8CE4-9C6CF4ABED20}.Debug|x64.Build.0 = Debug|Any CPU
		{C3ECCE51-C373-4B8B-8CE4-9C6CF4ABED20}.Debug|x86.ActiveCfg = Debug|Any CPU
		{C3ECCE51-C373-4B8B-8CE4-9C6CF4ABED20}.Debug|x86.Build.0 = Debug|Any CPU
		{C3ECCE51-C373-4B8B-8CE4-9C6CF4ABED20}.Release|Any CPU.ActiveCfg = Release|Any CPU
		{C3ECCE51-C373-4B8B-8CE4-9C6CF4ABED20}.Release|Any CPU.Build.0 = Release|Any CPU
		{C3ECCE51-C373-4B8B-8CE4-9C6CF4ABED20}.Release|ARM.ActiveCfg = Release|Any CPU
		{C3ECCE51-C373-4B8B-8CE4-9C6CF4ABED20}.Release|ARM.Build.0 = Release|Any CPU
		{C3ECCE51-C373-4B8B-8CE4-9C6CF4ABED20}.Release|x64.ActiveCfg = Release|Any CPU
		{C3ECCE51-C373-4B8B-8CE4-9C6CF4ABED20}.Release|x64.Build.0 = Release|Any CPU
		{C3ECCE51-C373-4B8B-8CE4-9C6CF4ABED20}.Release|x86.ActiveCfg = Release|Any CPU
		{C3ECCE51-C373-4B8B-8CE4-9C6CF4ABED20}.Release|x86.Build.0 = Release|Any CPU
		{CE4D89A9-410F-484B-A95C-D86C49563830}.Debug|Any CPU.ActiveCfg = Debug|Any CPU
		{CE4D89A9-410F-484B-A95C-D86C49563830}.Debug|Any CPU.Build.0 = Debug|Any CPU
		{CE4D89A9-410F-484B-A95C-D86C49563830}.Debug|ARM.ActiveCfg = Debug|Any CPU
		{CE4D89A9-410F-484B-A95C-D86C49563830}.Debug|ARM.Build.0 = Debug|Any CPU
		{CE4D89A9-410F-484B-A95C-D86C49563830}.Debug|x64.ActiveCfg = Debug|Any CPU
		{CE4D89A9-410F-484B-A95C-D86C49563830}.Debug|x64.Build.0 = Debug|Any CPU
		{CE4D89A9-410F-484B-A95C-D86C49563830}.Debug|x86.ActiveCfg = Debug|Any CPU
		{CE4D89A9-410F-484B-A95C-D86C49563830}.Debug|x86.Build.0 = Debug|Any CPU
		{CE4D89A9-410F-484B-A95C-D86C49563830}.Release|Any CPU.ActiveCfg = Release|Any CPU
		{CE4D89A9-410F-484B-A95C-D86C49563830}.Release|Any CPU.Build.0 = Release|Any CPU
		{CE4D89A9-410F-484B-A95C-D86C49563830}.Release|ARM.ActiveCfg = Release|Any CPU
		{CE4D89A9-410F-484B-A95C-D86C49563830}.Release|ARM.Build.0 = Release|Any CPU
		{CE4D89A9-410F-484B-A95C-D86C49563830}.Release|x64.ActiveCfg = Release|Any CPU
		{CE4D89A9-410F-484B-A95C-D86C49563830}.Release|x64.Build.0 = Release|Any CPU
		{CE4D89A9-410F-484B-A95C-D86C49563830}.Release|x86.ActiveCfg = Release|Any CPU
		{CE4D89A9-410F-484B-A95C-D86C49563830}.Release|x86.Build.0 = Release|Any CPU
		{423912BB-6376-4C09-A595-87B475A50206}.Debug|Any CPU.ActiveCfg = Debug|Any CPU
		{423912BB-6376-4C09-A595-87B475A50206}.Debug|Any CPU.Build.0 = Debug|Any CPU
		{423912BB-6376-4C09-A595-87B475A50206}.Debug|ARM.ActiveCfg = Debug|Any CPU
		{423912BB-6376-4C09-A595-87B475A50206}.Debug|ARM.Build.0 = Debug|Any CPU
		{423912BB-6376-4C09-A595-87B475A50206}.Debug|x64.ActiveCfg = Debug|Any CPU
		{423912BB-6376-4C09-A595-87B475A50206}.Debug|x64.Build.0 = Debug|Any CPU
		{423912BB-6376-4C09-A595-87B475A50206}.Debug|x86.ActiveCfg = Debug|Any CPU
		{423912BB-6376-4C09-A595-87B475A50206}.Debug|x86.Build.0 = Debug|Any CPU
		{423912BB-6376-4C09-A595-87B475A50206}.Release|Any CPU.ActiveCfg = Release|Any CPU
		{423912BB-6376-4C09-A595-87B475A50206}.Release|Any CPU.Build.0 = Release|Any CPU
		{423912BB-6376-4C09-A595-87B475A50206}.Release|ARM.ActiveCfg = Release|Any CPU
		{423912BB-6376-4C09-A595-87B475A50206}.Release|ARM.Build.0 = Release|Any CPU
		{423912BB-6376-4C09-A595-87B475A50206}.Release|x64.ActiveCfg = Release|Any CPU
		{423912BB-6376-4C09-A595-87B475A50206}.Release|x64.Build.0 = Release|Any CPU
		{423912BB-6376-4C09-A595-87B475A50206}.Release|x86.ActiveCfg = Release|Any CPU
		{423912BB-6376-4C09-A595-87B475A50206}.Release|x86.Build.0 = Release|Any CPU
		{90C66EC6-2787-47AE-8198-D74317D2EDF7}.Debug|Any CPU.ActiveCfg = Debug|Any CPU
		{90C66EC6-2787-47AE-8198-D74317D2EDF7}.Debug|Any CPU.Build.0 = Debug|Any CPU
		{90C66EC6-2787-47AE-8198-D74317D2EDF7}.Debug|ARM.ActiveCfg = Debug|Any CPU
		{90C66EC6-2787-47AE-8198-D74317D2EDF7}.Debug|ARM.Build.0 = Debug|Any CPU
		{90C66EC6-2787-47AE-8198-D74317D2EDF7}.Debug|x64.ActiveCfg = Debug|Any CPU
		{90C66EC6-2787-47AE-8198-D74317D2EDF7}.Debug|x64.Build.0 = Debug|Any CPU
		{90C66EC6-2787-47AE-8198-D74317D2EDF7}.Debug|x86.ActiveCfg = Debug|Any CPU
		{90C66EC6-2787-47AE-8198-D74317D2EDF7}.Debug|x86.Build.0 = Debug|Any CPU
		{90C66EC6-2787-47AE-8198-D74317D2EDF7}.Release|Any CPU.ActiveCfg = Release|Any CPU
		{90C66EC6-2787-47AE-8198-D74317D2EDF7}.Release|Any CPU.Build.0 = Release|Any CPU
		{90C66EC6-2787-47AE-8198-D74317D2EDF7}.Release|ARM.ActiveCfg = Release|Any CPU
		{90C66EC6-2787-47AE-8198-D74317D2EDF7}.Release|ARM.Build.0 = Release|Any CPU
		{90C66EC6-2787-47AE-8198-D74317D2EDF7}.Release|x64.ActiveCfg = Release|Any CPU
		{90C66EC6-2787-47AE-8198-D74317D2EDF7}.Release|x64.Build.0 = Release|Any CPU
		{90C66EC6-2787-47AE-8198-D74317D2EDF7}.Release|x86.ActiveCfg = Release|Any CPU
		{90C66EC6-2787-47AE-8198-D74317D2EDF7}.Release|x86.Build.0 = Release|Any CPU
	EndGlobalSection
	GlobalSection(SolutionProperties) = preSolution
		HideSolutionNode = FALSE
	EndGlobalSection
	GlobalSection(ExtensibilityGlobals) = postSolution
		SolutionGuid = {00A6B4B9-A820-4089-9C67-F25640B98D4C}
	EndGlobalSection
EndGlobal
